<Solution>
  <Folder Name="/src/">
    <Project Path="src/PetSpa.Api/PetSpa.Api.csproj" />
    <Project Path="src/PetSpa.SharedKernel/PetSpa.SharedKernel.csproj" />
  </Folder>
  <Folder Name="/src/Modules/" />
  <Folder Name="/src/Modules/Booking/">
    <Project Path="src/Modules/Booking/PetSpa.Modules.Booking/PetSpa.Modules.Booking.csproj" />
  </Folder>
  <Folder Name="/src/Modules/PetManagement/">
    <Project Path="src/Modules/PetManagement/PetSpa.Modules.PetManagement/PetSpa.Modules.PetManagement.csproj" />
  </Folder>
</Solution>
