
Microsoft Visual Studio Solution File, Format Version 12.00
# Visual Studio Version 18
VisualStudioVersion = 18.10.12210.168
MinimumVisualStudioVersion = 10.0.40219.1
Project("{2150E333-8FDC-42A3-9474-1A3956D46DE8}") = "src", "src", "{827E0CD3-B72D-47B6-A68D-7590B98EB39B}"
EndProject
Project("{FAE04EC0-301F-11D3-BF4B-00C04F79EFBC}") = "PetSpa.Api", "src\PetSpa.Api\PetSpa.Api.csproj", "{1D848DA3-6A22-4AC0-AF4E-A9B1EA54499D}"
EndProject
Project("{FAE04EC0-301F-11D3-BF4B-00C04F79EFBC}") = "PetSpa.SharedKernel", "src\PetSpa.SharedKernel\PetSpa.SharedKernel.csproj", "{974FA28C-CD53-41DA-A0E9-3979B4303AAD}"
EndProject
Project("{2150E333-8FDC-42A3-9474-1A3956D46DE8}") = "PetSpa.Modules", "PetSpa.Modules", "{BEA2458A-8FA3-4A31-AC87-D66B46DEEF50}"
EndProject
Project("{FAE04EC0-301F-11D3-BF4B-00C04F79EFBC}") = "PetSpa.Modules.IdentityStaff", "src\PetSpa.Modules\IdentityStaff\PetSpa.Modules.IdentityStaff\PetSpa.Modules.IdentityStaff.csproj", "{044EC979-7E69-4B10-A58D-6CDBA6E3ADA4}"
EndProject
Project("{FAE04EC0-301F-11D3-BF4B-00C04F79EFBC}") = "PetSpa.Modules.Billing", "src\PetSpa.Modules\Billing\PetSpa.Modules.Billing\PetSpa.Modules.Billing.csproj", "{11C1DB58-0AA6-4DE7-8460-894BC5330A0D}"
EndProject
Project("{FAE04EC0-301F-11D3-BF4B-00C04F79EFBC}") = "PetSpa.Modules.CustomerPet", "src\PetSpa.Modules\CustomerPet\PetSpa.Modules.CustomerPet\PetSpa.Modules.CustomerPet.csproj", "{3DD02EDE-7953-4A4B-A701-151D7CB6B1C3}"
EndProject
Project("{FAE04EC0-301F-11D3-BF4B-00C04F79EFBC}") = "PetSpa.Modules.ServiceCatalog", "src\PetSpa.Modules\ServiceCatalog\PetSpa.Modules.ServiceCatalog\PetSpa.Modules.ServiceCatalog.csproj", "{20502DD9-50F7-46C7-88BE-4CF3B450349F}"
EndProject
Project("{FAE04EC0-301F-11D3-BF4B-00C04F79EFBC}") = "PetSpa.Modules.SpaOperations", "src\PetSpa.Modules\SpaOperations\PetSpa.Modules.SpaOperations\PetSpa.Modules.SpaOperations.csproj", "{B76D3FD3-FE4C-49BF-A44E-ED0644B3C69E}"
EndProject
Project("{FAE04EC0-301F-11D3-BF4B-00C04F79EFBC}") = "PetSpa.Modules.Appointment", "src\PetSpa.Modules\Appointment\PetSpa.Modules.Appointment\PetSpa.Modules.Appointment.csproj", "{2E335959-1B68-43FC-9BD3-33B0A3A90F7B}"
EndProject
Global
	GlobalSection(SolutionConfigurationPlatforms) = preSolution
		Debug|Any CPU = Debug|Any CPU
		Debug|x64 = Debug|x64
		Debug|x86 = Debug|x86
		Release|Any CPU = Release|Any CPU
		Release|x64 = Release|x64
		Release|x86 = Release|x86
	EndGlobalSection
	GlobalSection(ProjectConfigurationPlatforms) = postSolution
		{1D848DA3-6A22-4AC0-AF4E-A9B1EA54499D}.Debug|Any CPU.ActiveCfg = Debug|Any CPU
		{1D848DA3-6A22-4AC0-AF4E-A9B1EA54499D}.Debug|Any CPU.Build.0 = Debug|Any CPU
		{1D848DA3-6A22-4AC0-AF4E-A9B1EA54499D}.Debug|x64.ActiveCfg = Debug|Any CPU
		{1D848DA3-6A22-4AC0-AF4E-A9B1EA54499D}.Debug|x64.Build.0 = Debug|Any CPU
		{1D848DA3-6A22-4AC0-AF4E-A9B1EA54499D}.Debug|x86.ActiveCfg = Debug|Any CPU
		{1D848DA3-6A22-4AC0-AF4E-A9B1EA54499D}.Debug|x86.Build.0 = Debug|Any CPU
		{1D848DA3-6A22-4AC0-AF4E-A9B1EA54499D}.Release|Any CPU.ActiveCfg = Release|Any CPU
		{1D848DA3-6A22-4AC0-AF4E-A9B1EA54499D}.Release|Any CPU.Build.0 = Release|Any CPU
		{1D848DA3-6A22-4AC0-AF4E-A9B1EA54499D}.Release|x64.ActiveCfg = Release|Any CPU
		{1D848DA3-6A22-4AC0-AF4E-A9B1EA54499D}.Release|x64.Build.0 = Release|Any CPU
		{1D848DA3-6A22-4AC0-AF4E-A9B1EA54499D}.Release|x86.ActiveCfg = Release|Any CPU
		{1D848DA3-6A22-4AC0-AF4E-A9B1EA54499D}.Release|x86.Build.0 = Release|Any CPU
		{974FA28C-CD53-41DA-A0E9-3979B4303AAD}.Debug|Any CPU.ActiveCfg = Debug|Any CPU
		{974FA28C-CD53-41DA-A0E9-3979B4303AAD}.Debug|Any CPU.Build.0 = Debug|Any CPU
		{974FA28C-CD53-41DA-A0E9-3979B4303AAD}.Debug|x64.ActiveCfg = Debug|Any CPU
		{974FA28C-CD53-41DA-A0E9-3979B4303AAD}.Debug|x64.Build.0 = Debug|Any CPU
		{974FA28C-CD53-41DA-A0E9-3979B4303AAD}.Debug|x86.ActiveCfg = Debug|Any CPU
		{974FA28C-CD53-41DA-A0E9-3979B4303AAD}.Debug|x86.Build.0 = Debug|Any CPU
		{974FA28C-CD53-41DA-A0E9-3979B4303AAD}.Release|Any CPU.ActiveCfg = Release|Any CPU
		{974FA28C-CD53-41DA-A0E9-3979B4303AAD}.Release|Any CPU.Build.0 = Release|Any CPU
		{974FA28C-CD53-41DA-A0E9-3979B4303AAD}.Release|x64.ActiveCfg = Release|Any CPU
		{974FA28C-CD53-41DA-A0E9-3979B4303AAD}.Release|x64.Build.0 = Release|Any CPU
		{974FA28C-CD53-41DA-A0E9-3979B4303AAD}.Release|x86.ActiveCfg = Release|Any CPU
		{974FA28C-CD53-41DA-A0E9-3979B4303AAD}.Release|x86.Build.0 = Release|Any CPU
		{044EC979-7E69-4B10-A58D-6CDBA6E3ADA4}.Debug|Any CPU.ActiveCfg = Debug|Any CPU
		{044EC979-7E69-4B10-A58D-6CDBA6E3ADA4}.Debug|Any CPU.Build.0 = Debug|Any CPU
		{044EC979-7E69-4B10-A58D-6CDBA6E3ADA4}.Debug|x64.ActiveCfg = Debug|Any CPU
		{044EC979-7E69-4B10-A58D-6CDBA6E3ADA4}.Debug|x64.Build.0 = Debug|Any CPU
		{044EC979-7E69-4B10-A58D-6CDBA6E3ADA4}.Debug|x86.ActiveCfg = Debug|Any CPU
		{044EC979-7E69-4B10-A58D-6CDBA6E3ADA4}.Debug|x86.Build.0 = Debug|Any CPU
		{044EC979-7E69-4B10-A58D-6CDBA6E3ADA4}.Release|Any CPU.ActiveCfg = Release|Any CPU
		{044EC979-7E69-4B10-A58D-6CDBA6E3ADA4}.Release|Any CPU.Build.0 = Release|Any CPU
		{044EC979-7E69-4B10-A58D-6CDBA6E3ADA4}.Release|x64.ActiveCfg = Release|Any CPU
		{044EC979-7E69-4B10-A58D-6CDBA6E3ADA4}.Release|x64.Build.0 = Release|Any CPU
		{044EC979-7E69-4B10-A58D-6CDBA6E3ADA4}.Release|x86.ActiveCfg = Release|Any CPU
		{044EC979-7E69-4B10-A58D-6CDBA6E3ADA4}.Release|x86.Build.0 = Release|Any CPU
		{11C1DB58-0AA6-4DE7-8460-894BC5330A0D}.Debug|Any CPU.ActiveCfg = Debug|Any CPU
		{11C1DB58-0AA6-4DE7-8460-894BC5330A0D}.Debug|Any CPU.Build.0 = Debug|Any CPU
		{11C1DB58-0AA6-4DE7-8460-894BC5330A0D}.Debug|x64.ActiveCfg = Debug|Any CPU
		{11C1DB58-0AA6-4DE7-8460-894BC5330A0D}.Debug|x64.Build.0 = Debug|Any CPU
		{11C1DB58-0AA6-4DE7-8460-894BC5330A0D}.Debug|x86.ActiveCfg = Debug|Any CPU
		{11C1DB58-0AA6-4DE7-8460-894BC5330A0D}.Debug|x86.Build.0 = Debug|Any CPU
		{11C1DB58-0AA6-4DE7-8460-894BC5330A0D}.Release|Any CPU.ActiveCfg = Release|Any CPU
		{11C1DB58-0AA6-4DE7-8460-894BC5330A0D}.Release|Any CPU.Build.0 = Release|Any CPU
		{11C1DB58-0AA6-4DE7-8460-894BC5330A0D}.Release|x64.ActiveCfg = Release|Any CPU
		{11C1DB58-0AA6-4DE7-8460-894BC5330A0D}.Release|x64.Build.0 = Release|Any CPU
		{11C1DB58-0AA6-4DE7-8460-894BC5330A0D}.Release|x86.ActiveCfg = Release|Any CPU
		{11C1DB58-0AA6-4DE7-8460-894BC5330A0D}.Release|x86.Build.0 = Release|Any CPU
		{3DD02EDE-7953-4A4B-A701-151D7CB6B1C3}.Debug|Any CPU.ActiveCfg = Debug|Any CPU
		{3DD02EDE-7953-4A4B-A701-151D7CB6B1C3}.Debug|Any CPU.Build.0 = Debug|Any CPU
		{3DD02EDE-7953-4A4B-A701-151D7CB6B1C3}.Debug|x64.ActiveCfg = Debug|Any CPU
		{3DD02EDE-7953-4A4B-A701-151D7CB6B1C3}.Debug|x64.Build.0 = Debug|Any CPU
		{3DD02EDE-7953-4A4B-A701-151D7CB6B1C3}.Debug|x86.ActiveCfg = Debug|Any CPU
		{3DD02EDE-7953-4A4B-A701-151D7CB6B1C3}.Debug|x86.Build.0 = Debug|Any CPU
		{3DD02EDE-7953-4A4B-A701-151D7CB6B1C3}.Release|Any CPU.ActiveCfg = Release|Any CPU
		{3DD02EDE-7953-4A4B-A701-151D7CB6B1C3}.Release|Any CPU.Build.0 = Release|Any CPU
		{3DD02EDE-7953-4A4B-A701-151D7CB6B1C3}.Release|x64.ActiveCfg = Release|Any CPU
		{3DD02EDE-7953-4A4B-A701-151D7CB6B1C3}.Release|x64.Build.0 = Release|Any CPU
		{3DD02EDE-7953-4A4B-A701-151D7CB6B1C3}.Release|x86.ActiveCfg = Release|Any CPU
		{3DD02EDE-7953-4A4B-A701-151D7CB6B1C3}.Release|x86.Build.0 = Release|Any CPU
		{20502DD9-50F7-46C7-88BE-4CF3B450349F}.Debug|Any CPU.ActiveCfg = Debug|Any CPU
		{20502DD9-50F7-46C7-88BE-4CF3B450349F}.Debug|Any CPU.Build.0 = Debug|Any CPU
		{20502DD9-50F7-46C7-88BE-4CF3B450349F}.Debug|x64.ActiveCfg = Debug|Any CPU
		{20502DD9-50F7-46C7-88BE-4CF3B450349F}.Debug|x64.Build.0 = Debug|Any CPU
		{20502DD9-50F7-46C7-88BE-4CF3B450349F}.Debug|x86.ActiveCfg = Debug|Any CPU
		{20502DD9-50F7-46C7-88BE-4CF3B450349F}.Debug|x86.Build.0 = Debug|Any CPU
		{20502DD9-50F7-46C7-88BE-4CF3B450349F}.Release|Any CPU.ActiveCfg = Release|Any CPU
		{20502DD9-50F7-46C7-88BE-4CF3B450349F}.Release|Any CPU.Build.0 = Release|Any CPU
		{20502DD9-50F7-46C7-88BE-4CF3B450349F}.Release|x64.ActiveCfg = Release|Any CPU
		{20502DD9-50F7-46C7-88BE-4CF3B450349F}.Release|x64.Build.0 = Release|Any CPU
		{20502DD9-50F7-46C7-88BE-4CF3B450349F}.Release|x86.ActiveCfg = Release|Any CPU
		{20502DD9-50F7-46C7-88BE-4CF3B450349F}.Release|x86.Build.0 = Release|Any CPU
		{B76D3FD3-FE4C-49BF-A44E-ED0644B3C69E}.Debug|Any CPU.ActiveCfg = Debug|Any CPU
		{B76D3FD3-FE4C-49BF-A44E-ED0644B3C69E}.Debug|Any CPU.Build.0 = Debug|Any CPU
		{B76D3FD3-FE4C-49BF-A44E-ED0644B3C69E}.Debug|x64.ActiveCfg = Debug|Any CPU
		{B76D3FD3-FE4C-49BF-A44E-ED0644B3C69E}.Debug|x64.Build.0 = Debug|Any CPU
		{B76D3FD3-FE4C-49BF-A44E-ED0644B3C69E}.Debug|x86.ActiveCfg = Debug|Any CPU
		{B76D3FD3-FE4C-49BF-A44E-ED0644B3C69E}.Debug|x86.Build.0 = Debug|Any CPU
		{B76D3FD3-FE4C-49BF-A44E-ED0644B3C69E}.Release|Any CPU.ActiveCfg = Release|Any CPU
		{B76D3FD3-FE4C-49BF-A44E-ED0644B3C69E}.Release|Any CPU.Build.0 = Release|Any CPU
		{B76D3FD3-FE4C-49BF-A44E-ED0644B3C69E}.Release|x64.ActiveCfg = Release|Any CPU
		{B76D3FD3-FE4C-49BF-A44E-ED0644B3C69E}.Release|x64.Build.0 = Release|Any CPU
		{B76D3FD3-FE4C-49BF-A44E-ED0644B3C69E}.Release|x86.ActiveCfg = Release|Any CPU
		{B76D3FD3-FE4C-49BF-A44E-ED0644B3C69E}.Release|x86.Build.0 = Release|Any CPU
		{2E335959-1B68-43FC-9BD3-33B0A3A90F7B}.Debug|Any CPU.ActiveCfg = Debug|Any CPU
		{2E335959-1B68-43FC-9BD3-33B0A3A90F7B}.Debug|Any CPU.Build.0 = Debug|Any CPU
		{2E335959-1B68-43FC-9BD3-33B0A3A90F7B}.Debug|x64.ActiveCfg = Debug|Any CPU
		{2E335959-1B68-43FC-9BD3-33B0A3A90F7B}.Debug|x64.Build.0 = Debug|Any CPU
		{2E335959-1B68-43FC-9BD3-33B0A3A90F7B}.Debug|x86.ActiveCfg = Debug|Any CPU
		{2E335959-1B68-43FC-9BD3-33B0A3A90F7B}.Debug|x86.Build.0 = Debug|Any CPU
		{2E335959-1B68-43FC-9BD3-33B0A3A90F7B}.Release|Any CPU.ActiveCfg = Release|Any CPU
		{2E335959-1B68-43FC-9BD3-33B0A3A90F7B}.Release|Any CPU.Build.0 = Release|Any CPU
		{2E335959-1B68-43FC-9BD3-33B0A3A90F7B}.Release|x64.ActiveCfg = Release|Any CPU
		{2E335959-1B68-43FC-9BD3-33B0A3A90F7B}.Release|x64.Build.0 = Release|Any CPU
		{2E335959-1B68-43FC-9BD3-33B0A3A90F7B}.Release|x86.ActiveCfg = Release|Any CPU
		{2E335959-1B68-43FC-9BD3-33B0A3A90F7B}.Release|x86.Build.0 = Release|Any CPU
	EndGlobalSection
	GlobalSection(SolutionProperties) = preSolution
		HideSolutionNode = FALSE
	EndGlobalSection
	GlobalSection(NestedProjects) = preSolution
		{1D848DA3-6A22-4AC0-AF4E-A9B1EA54499D} = {827E0CD3-B72D-47B6-A68D-7590B98EB39B}
		{974FA28C-CD53-41DA-A0E9-3979B4303AAD} = {827E0CD3-B72D-47B6-A68D-7590B98EB39B}
		{BEA2458A-8FA3-4A31-AC87-D66B46DEEF50} = {827E0CD3-B72D-47B6-A68D-7590B98EB39B}
		{044EC979-7E69-4B10-A58D-6CDBA6E3ADA4} = {BEA2458A-8FA3-4A31-AC87-D66B46DEEF50}
		{11C1DB58-0AA6-4DE7-8460-894BC5330A0D} = {BEA2458A-8FA3-4A31-AC87-D66B46DEEF50}
		{3DD02EDE-7953-4A4B-A701-151D7CB6B1C3} = {BEA2458A-8FA3-4A31-AC87-D66B46DEEF50}
		{20502DD9-50F7-46C7-88BE-4CF3B450349F} = {BEA2458A-8FA3-4A31-AC87-D66B46DEEF50}
		{B76D3FD3-FE4C-49BF-A44E-ED0644B3C69E} = {BEA2458A-8FA3-4A31-AC87-D66B46DEEF50}
		{2E335959-1B68-43FC-9BD3-33B0A3A90F7B} = {BEA2458A-8FA3-4A31-AC87-D66B46DEEF50}
	EndGlobalSection
	GlobalSection(ExtensibilityGlobals) = postSolution
		SolutionGuid = {064B963F-666A-4E23-ABAF-08FCA448B729}
	EndGlobalSection
EndGlobal
