
Microsoft Visual Studio Solution File, Format Version 12.00
# Visual Studio Version 18
VisualStudioVersion = 18.10.12210.168
MinimumVisualStudioVersion = 10.0.40219.1
Project("{2150E333-8FDC-42A3-9474-1A3956D46DE8}") = "src", "src", "{827E0CD3-B72D-47B6-A68D-7590B98EB39B}"
EndProject
Project("{FAE04EC0-301F-11D3-BF4B-00C04F79EFBC}") = "PetSpa.Api", "src\PetSpa.Api\PetSpa.Api.csproj", "{1D848DA3-6A22-4AC0-AF4E-A9B1EA54499D}"
EndProject
Project("{FAE04EC0-301F-11D3-BF4B-00C04F79EFBC}") = "PetSpa.SharedKernel", "src\PetSpa.SharedKernel\PetSpa.SharedKernel.csproj", "{974FA28C-CD53-41DA-A0E9-3979B4303AAD}"
EndProject
Project("{2150E333-8FDC-42A3-9474-1A3956D46DE8}") = "PetSpa.Modules", "PetSpa.Modules", "{BEA2458A-8FA3-4A31-AC87-D66B46DEEF50}"
EndProject
Project("{FAE04EC0-301F-11D3-BF4B-00C04F79EFBC}") = "PetSpa.Modules.Billing", "src\PetSpa.Modules\Billing\PetSpa.Modules.Billing\PetSpa.Modules.Billing.csproj", "{11C1DB58-0AA6-4DE7-8460-894BC5330A0D}"
EndProject
Project("{FAE04EC0-301F-11D3-BF4B-00C04F79EFBC}") = "PetSpa.Modules.Customer", "src\PetSpa.Modules\Customer\PetSpa.Modules.Customer\PetSpa.Modules.Customer.csproj", "{2690E202-7CFF-F7FD-9703-589C0EC3472C}"
EndProject
Project("{FAE04EC0-301F-11D3-BF4B-00C04F79EFBC}") = "PetSpa.Modules.Booking", "src\PetSpa.Modules\Booking\PetSpa.Modules.Booking\PetSpa.Modules.Booking.csproj", "{EDB848D6-6076-BA91-49D6-CF9C13B470B1}"
EndProject
Project("{FAE04EC0-301F-11D3-BF4B-00C04F79EFBC}") = "PetSpa.Modules.Operation", "src\PetSpa.Modules\Operation\PetSpa.Modules.Operation\PetSpa.Modules.Operation.csproj", "{2FD75B72-0303-2B73-E235-DF1B53D0142A}"
EndProject
Project("{FAE04EC0-301F-11D3-BF4B-00C04F79EFBC}") = "PetSpa.Modules.Resource", "src\PetSpa.Modules\Resource\PetSpa.Modules.Resource\PetSpa.Modules.Resource.csproj", "{BCC3F63A-E526-CB7E-9B41-6A0C3C1C38FC}"
EndProject
Global
	GlobalSection(SolutionConfigurationPlatforms) = preSolution
		Debug|Any CPU = Debug|Any CPU
		Debug|x64 = Debug|x64
		Debug|x86 = Debug|x86
		Release|Any CPU = Release|Any CPU
		Release|x64 = Release|x64
		Release|x86 = Release|x86
	EndGlobalSection
	GlobalSection(ProjectConfigurationPlatforms) = postSolution
		{1D848DA3-6A22-4AC0-AF4E-A9B1EA54499D}.Debug|Any CPU.ActiveCfg = Debug|Any CPU
		{1D848DA3-6A22-4AC0-AF4E-A9B1EA54499D}.Debug|Any CPU.Build.0 = Debug|Any CPU
		{1D848DA3-6A22-4AC0-AF4E-A9B1EA54499D}.Debug|x64.ActiveCfg = Debug|Any CPU
		{1D848DA3-6A22-4AC0-AF4E-A9B1EA54499D}.Debug|x64.Build.0 = Debug|Any CPU
		{1D848DA3-6A22-4AC0-AF4E-A9B1EA54499D}.Debug|x86.ActiveCfg = Debug|Any CPU
		{1D848DA3-6A22-4AC0-AF4E-A9B1EA54499D}.Debug|x86.Build.0 = Debug|Any CPU
		{1D848DA3-6A22-4AC0-AF4E-A9B1EA54499D}.Release|Any CPU.ActiveCfg = Release|Any CPU
		{1D848DA3-6A22-4AC0-AF4E-A9B1EA54499D}.Release|Any CPU.Build.0 = Release|Any CPU
		{1D848DA3-6A22-4AC0-AF4E-A9B1EA54499D}.Release|x64.ActiveCfg = Release|Any CPU
		{1D848DA3-6A22-4AC0-AF4E-A9B1EA54499D}.Release|x64.Build.0 = Release|Any CPU
		{1D848DA3-6A22-4AC0-AF4E-A9B1EA54499D}.Release|x86.ActiveCfg = Release|Any CPU
		{1D848DA3-6A22-4AC0-AF4E-A9B1EA54499D}.Release|x86.Build.0 = Release|Any CPU
		{974FA28C-CD53-41DA-A0E9-3979B4303AAD}.Debug|Any CPU.ActiveCfg = Debug|Any CPU
		{974FA28C-CD53-41DA-A0E9-3979B4303AAD}.Debug|Any CPU.Build.0 = Debug|Any CPU
		{974FA28C-CD53-41DA-A0E9-3979B4303AAD}.Debug|x64.ActiveCfg = Debug|Any CPU
		{974FA28C-CD53-41DA-A0E9-3979B4303AAD}.Debug|x64.Build.0 = Debug|Any CPU
		{974FA28C-CD53-41DA-A0E9-3979B4303AAD}.Debug|x86.ActiveCfg = Debug|Any CPU
		{974FA28C-CD53-41DA-A0E9-3979B4303AAD}.Debug|x86.Build.0 = Debug|Any CPU
		{974FA28C-CD53-41DA-A0E9-3979B4303AAD}.Release|Any CPU.ActiveCfg = Release|Any CPU
		{974FA28C-CD53-41DA-A0E9-3979B4303AAD}.Release|Any CPU.Build.0 = Release|Any CPU
		{974FA28C-CD53-41DA-A0E9-3979B4303AAD}.Release|x64.ActiveCfg = Release|Any CPU
		{974FA28C-CD53-41DA-A0E9-3979B4303AAD}.Release|x64.Build.0 = Release|Any CPU
		{974FA28C-CD53-41DA-A0E9-3979B4303AAD}.Release|x86.ActiveCfg = Release|Any CPU
		{974FA28C-CD53-41DA-A0E9-3979B4303AAD}.Release|x86.Build.0 = Release|Any CPU
		{11C1DB58-0AA6-4DE7-8460-894BC5330A0D}.Debug|Any CPU.ActiveCfg = Debug|Any CPU
		{11C1DB58-0AA6-4DE7-8460-894BC5330A0D}.Debug|Any CPU.Build.0 = Debug|Any CPU
		{11C1DB58-0AA6-4DE7-8460-894BC5330A0D}.Debug|x64.ActiveCfg = Debug|Any CPU
		{11C1DB58-0AA6-4DE7-8460-894BC5330A0D}.Debug|x64.Build.0 = Debug|Any CPU
		{11C1DB58-0AA6-4DE7-8460-894BC5330A0D}.Debug|x86.ActiveCfg = Debug|Any CPU
		{11C1DB58-0AA6-4DE7-8460-894BC5330A0D}.Debug|x86.Build.0 = Debug|Any CPU
		{11C1DB58-0AA6-4DE7-8460-894BC5330A0D}.Release|Any CPU.ActiveCfg = Release|Any CPU
		{11C1DB58-0AA6-4DE7-8460-894BC5330A0D}.Release|Any CPU.Build.0 = Release|Any CPU
		{11C1DB58-0AA6-4DE7-8460-894BC5330A0D}.Release|x64.ActiveCfg = Release|Any CPU
		{11C1DB58-0AA6-4DE7-8460-894BC5330A0D}.Release|x64.Build.0 = Release|Any CPU
		{11C1DB58-0AA6-4DE7-8460-894BC5330A0D}.Release|x86.ActiveCfg = Release|Any CPU
		{11C1DB58-0AA6-4DE7-8460-894BC5330A0D}.Release|x86.Build.0 = Release|Any CPU
		{2690E202-7CFF-F7FD-9703-589C0EC3472C}.Debug|Any CPU.ActiveCfg = Debug|Any CPU
		{2690E202-7CFF-F7FD-9703-589C0EC3472C}.Debug|Any CPU.Build.0 = Debug|Any CPU
		{2690E202-7CFF-F7FD-9703-589C0EC3472C}.Debug|x64.ActiveCfg = Debug|Any CPU
		{2690E202-7CFF-F7FD-9703-589C0EC3472C}.Debug|x64.Build.0 = Debug|Any CPU
		{2690E202-7CFF-F7FD-9703-589C0EC3472C}.Debug|x86.ActiveCfg = Debug|Any CPU
		{2690E202-7CFF-F7FD-9703-589C0EC3472C}.Debug|x86.Build.0 = Debug|Any CPU
		{2690E202-7CFF-F7FD-9703-589C0EC3472C}.Release|Any CPU.ActiveCfg = Release|Any CPU
		{2690E202-7CFF-F7FD-9703-589C0EC3472C}.Release|Any CPU.Build.0 = Release|Any CPU
		{2690E202-7CFF-F7FD-9703-589C0EC3472C}.Release|x64.ActiveCfg = Release|Any CPU
		{2690E202-7CFF-F7FD-9703-589C0EC3472C}.Release|x64.Build.0 = Release|Any CPU
		{2690E202-7CFF-F7FD-9703-589C0EC3472C}.Release|x86.ActiveCfg = Release|Any CPU
		{2690E202-7CFF-F7FD-9703-589C0EC3472C}.Release|x86.Build.0 = Release|Any CPU
		{EDB848D6-6076-BA91-49D6-CF9C13B470B1}.Debug|Any CPU.ActiveCfg = Debug|Any CPU
		{EDB848D6-6076-BA91-49D6-CF9C13B470B1}.Debug|Any CPU.Build.0 = Debug|Any CPU
		{EDB848D6-6076-BA91-49D6-CF9C13B470B1}.Debug|x64.ActiveCfg = Debug|Any CPU
		{EDB848D6-6076-BA91-49D6-CF9C13B470B1}.Debug|x64.Build.0 = Debug|Any CPU
		{EDB848D6-6076-BA91-49D6-CF9C13B470B1}.Debug|x86.ActiveCfg = Debug|Any CPU
		{EDB848D6-6076-BA91-49D6-CF9C13B470B1}.Debug|x86.Build.0 = Debug|Any CPU
		{EDB848D6-6076-BA91-49D6-CF9C13B470B1}.Release|Any CPU.ActiveCfg = Release|Any CPU
		{EDB848D6-6076-BA91-49D6-CF9C13B470B1}.Release|Any CPU.Build.0 = Release|Any CPU
		{EDB848D6-6076-BA91-49D6-CF9C13B470B1}.Release|x64.ActiveCfg = Release|Any CPU
		{EDB848D6-6076-BA91-49D6-CF9C13B470B1}.Release|x64.Build.0 = Release|Any CPU
		{EDB848D6-6076-BA91-49D6-CF9C13B470B1}.Release|x86.ActiveCfg = Release|Any CPU
		{EDB848D6-6076-BA91-49D6-CF9C13B470B1}.Release|x86.Build.0 = Release|Any CPU
		{2FD75B72-0303-2B73-E235-DF1B53D0142A}.Debug|Any CPU.ActiveCfg = Debug|Any CPU
		{2FD75B72-0303-2B73-E235-DF1B53D0142A}.Debug|Any CPU.Build.0 = Debug|Any CPU
		{2FD75B72-0303-2B73-E235-DF1B53D0142A}.Debug|x64.ActiveCfg = Debug|Any CPU
		{2FD75B72-0303-2B73-E235-DF1B53D0142A}.Debug|x64.Build.0 = Debug|Any CPU
		{2FD75B72-0303-2B73-E235-DF1B53D0142A}.Debug|x86.ActiveCfg = Debug|Any CPU
		{2FD75B72-0303-2B73-E235-DF1B53D0142A}.Debug|x86.Build.0 = Debug|Any CPU
		{2FD75B72-0303-2B73-E235-DF1B53D0142A}.Release|Any CPU.ActiveCfg = Release|Any CPU
		{2FD75B72-0303-2B73-E235-DF1B53D0142A}.Release|Any CPU.Build.0 = Release|Any CPU
		{2FD75B72-0303-2B73-E235-DF1B53D0142A}.Release|x64.ActiveCfg = Release|Any CPU
		{2FD75B72-0303-2B73-E235-DF1B53D0142A}.Release|x64.Build.0 = Release|Any CPU
		{2FD75B72-0303-2B73-E235-DF1B53D0142A}.Release|x86.ActiveCfg = Release|Any CPU
		{2FD75B72-0303-2B73-E235-DF1B53D0142A}.Release|x86.Build.0 = Release|Any CPU
		{BCC3F63A-E526-CB7E-9B41-6A0C3C1C38FC}.Debug|Any CPU.ActiveCfg = Debug|Any CPU
		{BCC3F63A-E526-CB7E-9B41-6A0C3C1C38FC}.Debug|Any CPU.Build.0 = Debug|Any CPU
		{BCC3F63A-E526-CB7E-9B41-6A0C3C1C38FC}.Debug|x64.ActiveCfg = Debug|Any CPU
		{BCC3F63A-E526-CB7E-9B41-6A0C3C1C38FC}.Debug|x64.Build.0 = Debug|Any CPU
		{BCC3F63A-E526-CB7E-9B41-6A0C3C1C38FC}.Debug|x86.ActiveCfg = Debug|Any CPU
		{BCC3F63A-E526-CB7E-9B41-6A0C3C1C38FC}.Debug|x86.Build.0 = Debug|Any CPU
		{BCC3F63A-E526-CB7E-9B41-6A0C3C1C38FC}.Release|Any CPU.ActiveCfg = Release|Any CPU
		{BCC3F63A-E526-CB7E-9B41-6A0C3C1C38FC}.Release|Any CPU.Build.0 = Release|Any CPU
		{BCC3F63A-E526-CB7E-9B41-6A0C3C1C38FC}.Release|x64.ActiveCfg = Release|Any CPU
		{BCC3F63A-E526-CB7E-9B41-6A0C3C1C38FC}.Release|x64.Build.0 = Release|Any CPU
		{BCC3F63A-E526-CB7E-9B41-6A0C3C1C38FC}.Release|x86.ActiveCfg = Release|Any CPU
		{BCC3F63A-E526-CB7E-9B41-6A0C3C1C38FC}.Release|x86.Build.0 = Release|Any CPU
	EndGlobalSection
	GlobalSection(SolutionProperties) = preSolution
		HideSolutionNode = FALSE
	EndGlobalSection
	GlobalSection(NestedProjects) = preSolution
		{1D848DA3-6A22-4AC0-AF4E-A9B1EA54499D} = {827E0CD3-B72D-47B6-A68D-7590B98EB39B}
		{974FA28C-CD53-41DA-A0E9-3979B4303AAD} = {827E0CD3-B72D-47B6-A68D-7590B98EB39B}
		{BEA2458A-8FA3-4A31-AC87-D66B46DEEF50} = {827E0CD3-B72D-47B6-A68D-7590B98EB39B}
		{11C1DB58-0AA6-4DE7-8460-894BC5330A0D} = {BEA2458A-8FA3-4A31-AC87-D66B46DEEF50}
		{2690E202-7CFF-F7FD-9703-589C0EC3472C} = {BEA2458A-8FA3-4A31-AC87-D66B46DEEF50}
		{EDB848D6-6076-BA91-49D6-CF9C13B470B1} = {BEA2458A-8FA3-4A31-AC87-D66B46DEEF50}
		{2FD75B72-0303-2B73-E235-DF1B53D0142A} = {BEA2458A-8FA3-4A31-AC87-D66B46DEEF50}
		{BCC3F63A-E526-CB7E-9B41-6A0C3C1C38FC} = {BEA2458A-8FA3-4A31-AC87-D66B46DEEF50}
	EndGlobalSection
	GlobalSection(ExtensibilityGlobals) = postSolution
		SolutionGuid = {064B963F-666A-4E23-ABAF-08FCA448B729}
	EndGlobalSection
EndGlobal
